
Microsoft Visual Studio Solution File, Format Version 12.00
# Visual Studio Version 16
VisualStudioVersion = 16.0.29411.108
MinimumVisualStudioVersion = 10.0.40219.1
Project("{FAE04EC0-301F-11D3-BF4B-00C04F79EFBC}") = "SUBDCORE", "SUBDCORE\SUBDCORE.csproj", "{7D3B7CDD-22A2-419F-8763-348C0B8C5093}"
EndProject
Global
	GlobalSection(SolutionConfigurationPlatforms) = preSolution
		Debug|Any CPU = Debug|Any CPU
		Release|Any CPU = Release|Any CPU
	EndGlobalSection
	GlobalSection(ProjectConfigurationPlatforms) = postSolution
		{7D3B7CDD-22A2-419F-8763-348C0B8C5093}.Debug|Any CPU.ActiveCfg = Debug|Any CPU
		{7D3B7CDD-22A2-419F-8763-348C0B8C5093}.Debug|Any CPU.Build.0 = Debug|Any CPU
		{7D3B7CDD-22A2-419F-8763-348C0B8C5093}.Release|Any CPU.ActiveCfg = Release|Any CPU
		{7D3B7CDD-22A2-419F-8763-348C0B8C5093}.Release|Any CPU.Build.0 = Release|Any CPU
	EndGlobalSection
	GlobalSection(SolutionProperties) = preSolution
		HideSolutionNode = FALSE
	EndGlobalSection
	GlobalSection(ExtensibilityGlobals) = postSolution
		SolutionGuid = {6937A150-D9F6-4A9E-A1BE-17E70C0A3951}
	EndGlobalSection
EndGlobal
